{
    "_meta": {
        "hash": {
            "sha256": "9aa582120cfabd3f1901b0c8ac4358d5819de96a00d1257a01f1660051d8bf0b"
        },
        "pipfile-spec": 6,
        "requires": {
            "python_version": "3.7"
        },
        "sources": [
            {
                "name": "pypi",
                "url": "https://pypi.org/simple",
                "verify_ssl": true
            }
        ]
    },
    "default": {
        "async-lru": {
            "hashes": [
                "sha256:baa898027619f5cc31b7966f96f00e4fc0df43ba206a8940a5d1af5336a477cb"
            ],
            "version": "==1.0.2"
        },
        "asyncpool": {
            "hashes": [
                "sha256:1a27143cd66fe157df40038b5f0b4a4225d8e6e9402c4b6545c9e1ac8f6ab61a"
            ],
            "index": "pypi",
            "version": "==1.0"
        },
        "babel": {
            "hashes": [
                "sha256:9d35c22fcc79893c3ecc85ac4a56cde1ecf3f19c540bba0922308a6c06ca6fa5",
                "sha256:da031ab54472314f210b0adcff1588ee5d1d1d0ba4dbd07b94dba82bde791e05"
            ],
            "version": "==2.9.0"
        },
        "backports.zoneinfo": {
            "hashes": [
                "sha256:17746bd546106fa389c51dbea67c8b7c8f0d14b5526a579ca6ccf5ed72c526cf",
                "sha256:1b13e654a55cd45672cb54ed12148cd33628f672548f373963b0bff67b217328",
                "sha256:1c5742112073a563c81f786e77514969acb58649bcdf6cdf0b4ed31a348d4546",
                "sha256:4a0f800587060bf8880f954dbef70de6c11bbe59c673c3d818921f042f9954a6",
                "sha256:5c144945a7752ca544b4b78c8c41544cdfaf9786f25fe5ffb10e838e19a27570",
                "sha256:7b0a64cda4145548fed9efc10322770f929b944ce5cee6c0dfe0c87bf4c0c8c9",
                "sha256:8439c030a11780786a2002261569bdf362264f605dfa4d65090b64b05c9f79a7",
                "sha256:8961c0f32cd0336fb8e8ead11a1f8cd99ec07145ec2931122faaac1c8f7fd987",
                "sha256:89a48c0d158a3cc3f654da4c2de1ceba85263fafb861b98b59040a5086259722",
                "sha256:a76b38c52400b762e48131494ba26be363491ac4f9a04c1b7e92483d169f6582",
                "sha256:da6013fd84a690242c310d77ddb8441a559e9cb3d3d59ebac9aca1a57b2e18bc",
                "sha256:e55b384612d93be96506932a786bbcde5a2db7a9e6a4bb4bffe8b733f5b9036b",
                "sha256:e81b76cace8eda1fca50e345242ba977f9be6ae3945af8d46326d776b4cf78d1",
                "sha256:e8236383a20872c0cdf5a62b554b27538db7fa1bbec52429d8d106effbaeca08",
                "sha256:f04e857b59d9d1ccc39ce2da1021d196e47234873820cbeaad210724b1ee28ac",
                "sha256:fadbfe37f74051d024037f223b8e001611eac868b5c5b06144ef4d8b799862f2"
            ],
            "version": "==0.2.1"
        },
        "blinker": {
            "hashes": [
                "sha256:471aee25f3992bd325afa3772f1063dbdbbca947a041b8b89466dc00d606f8b6"
            ],
            "version": "==1.4"
        },
        "certifi": {
            "hashes": [
                "sha256:1a4995114262bffbc2413b159f2a1a480c969de6e6eb13ee966d470af86af59c",
                "sha256:719a74fb9e33b9bd44cc7f3a8d94bc35e4049deebe19ba7d8e108280cfd59830"
            ],
            "version": "==2020.12.5"
        },
        "cffi": {
            "hashes": [
                "sha256:005a36f41773e148deac64b08f233873a4d0c18b053d37da83f6af4d9087b813",
                "sha256:0857f0ae312d855239a55c81ef453ee8fd24136eaba8e87a2eceba644c0d4c06",
                "sha256:1071534bbbf8cbb31b498d5d9db0f274f2f7a865adca4ae429e147ba40f73dea",
                "sha256:158d0d15119b4b7ff6b926536763dc0714313aa59e320ddf787502c70c4d4bee",
                "sha256:1f436816fc868b098b0d63b8920de7d208c90a67212546d02f84fe78a9c26396",
                "sha256:2894f2df484ff56d717bead0a5c2abb6b9d2bf26d6960c4604d5c48bbc30ee73",
                "sha256:29314480e958fd8aab22e4a58b355b629c59bf5f2ac2492b61e3dc06d8c7a315",
                "sha256:34eff4b97f3d982fb93e2831e6750127d1355a923ebaeeb565407b3d2f8d41a1",
                "sha256:35f27e6eb43380fa080dccf676dece30bef72e4a67617ffda586641cd4508d49",
                "sha256:3d3dd4c9e559eb172ecf00a2a7517e97d1e96de2a5e610bd9b68cea3925b4892",
                "sha256:43e0b9d9e2c9e5d152946b9c5fe062c151614b262fda2e7b201204de0b99e482",
                "sha256:48e1c69bbacfc3d932221851b39d49e81567a4d4aac3b21258d9c24578280058",
                "sha256:51182f8927c5af975fece87b1b369f722c570fe169f9880764b1ee3bca8347b5",
                "sha256:58e3f59d583d413809d60779492342801d6e82fefb89c86a38e040c16883be53",
                "sha256:5de7970188bb46b7bf9858eb6890aad302577a5f6f75091fd7cdd3ef13ef3045",
                "sha256:65fa59693c62cf06e45ddbb822165394a288edce9e276647f0046e1ec26920f3",
                "sha256:69e395c24fc60aad6bb4fa7e583698ea6cc684648e1ffb7fe85e3c1ca131a7d5",
                "sha256:6c97d7350133666fbb5cf4abdc1178c812cb205dc6f41d174a7b0f18fb93337e",
                "sha256:6e4714cc64f474e4d6e37cfff31a814b509a35cb17de4fb1999907575684479c",
                "sha256:72d8d3ef52c208ee1c7b2e341f7d71c6fd3157138abf1a95166e6165dd5d4369",
                "sha256:8ae6299f6c68de06f136f1f9e69458eae58f1dacf10af5c17353eae03aa0d827",
                "sha256:8b198cec6c72df5289c05b05b8b0969819783f9418e0409865dac47288d2a053",
                "sha256:99cd03ae7988a93dd00bcd9d0b75e1f6c426063d6f03d2f90b89e29b25b82dfa",
                "sha256:9cf8022fb8d07a97c178b02327b284521c7708d7c71a9c9c355c178ac4bbd3d4",
                "sha256:9de2e279153a443c656f2defd67769e6d1e4163952b3c622dcea5b08a6405322",
                "sha256:9e93e79c2551ff263400e1e4be085a1210e12073a31c2011dbbda14bda0c6132",
                "sha256:9ff227395193126d82e60319a673a037d5de84633f11279e336f9c0f189ecc62",
                "sha256:a465da611f6fa124963b91bf432d960a555563efe4ed1cc403ba5077b15370aa",
                "sha256:ad17025d226ee5beec591b52800c11680fca3df50b8b29fe51d882576e039ee0",
                "sha256:afb29c1ba2e5a3736f1c301d9d0abe3ec8b86957d04ddfa9d7a6a42b9367e396",
                "sha256:b85eb46a81787c50650f2392b9b4ef23e1f126313b9e0e9013b35c15e4288e2e",
                "sha256:bb89f306e5da99f4d922728ddcd6f7fcebb3241fc40edebcb7284d7514741991",
                "sha256:cbde590d4faaa07c72bf979734738f328d239913ba3e043b1e98fe9a39f8b2b6",
                "sha256:cd2868886d547469123fadc46eac7ea5253ea7fcb139f12e1dfc2bbd406427d1",
                "sha256:d42b11d692e11b6634f7613ad8df5d6d5f8875f5d48939520d351007b3c13406",
                "sha256:f2d45f97ab6bb54753eab54fffe75aaf3de4ff2341c9daee1987ee1837636f1d",
                "sha256:fd78e5fee591709f32ef6edb9a015b4aa1a5022598e36227500c8f4e02328d9c"
            ],
            "version": "==1.14.5"
        },
        "chardet": {
            "hashes": [
                "sha256:84ab92ed1c4d4f16916e05906b6b75a6c0fb5db821cc65e70cbd64a3e2a5eaae",
                "sha256:fc323ffcaeaed0e0a02bf4d117757b98aed530d9ed4531e3e15460124c106691"
            ],
            "version": "==3.0.4"
        },
        "click": {
            "hashes": [
                "sha256:681c9380a24b22fec089c8e5ffe40aa16a0da79f248a26fe2481bfa8170bfcc1",
                "sha256:e4315a188403c0258bbc4a4e31863e48fc301c4e95b8007a8eeda0391158df13"
            ],
            "version": "==8.0.0a1"
        },
        "configparser": {
            "hashes": [
                "sha256:005c3b102c96f4be9b8f40dafbd4997db003d07d1caa19f37808be8031475f2a",
                "sha256:08e8a59ef1817ac4ed810bb8e17d049566dd6e024e7566f6285c756db2bb4ff8"
            ],
            "version": "==5.0.1"
        },
        "cryptography": {
            "hashes": [
                "sha256:0d7b69674b738068fa6ffade5c962ecd14969690585aaca0a1b1fc9058938a72",
                "sha256:1bd0ccb0a1ed775cd7e2144fe46df9dc03eefd722bbcf587b3e0616ea4a81eff",
                "sha256:3c284fc1e504e88e51c428db9c9274f2da9f73fdf5d7e13a36b8ecb039af6e6c",
                "sha256:49570438e60f19243e7e0d504527dd5fe9b4b967b5a1ff21cc12b57602dd85d3",
                "sha256:541dd758ad49b45920dda3b5b48c968f8b2533d8981bcdb43002798d8f7a89ed",
                "sha256:5a60d3780149e13b7a6ff7ad6526b38846354d11a15e21068e57073e29e19bed",
                "sha256:7951a966613c4211b6612b0352f5bf29989955ee592c4a885d8c7d0f830d0433",
                "sha256:922f9602d67c15ade470c11d616f2b2364950602e370c76f0c94c94ae672742e",
                "sha256:a0f0b96c572fc9f25c3f4ddbf4688b9b38c69836713fb255f4a2715d93cbaf44",
                "sha256:a777c096a49d80f9d2979695b835b0f9c9edab73b59e4ceb51f19724dda887ed",
                "sha256:a9a4ac9648d39ce71c2f63fe7dc6db144b9fa567ddfc48b9fde1b54483d26042",
                "sha256:aa4969f24d536ae2268c902b2c3d62ab464b5a66bcb247630d208a79a8098e9b",
                "sha256:c7390f9b2119b2b43160abb34f63277a638504ef8df99f11cb52c1fda66a2e6f",
                "sha256:e18e6ab84dfb0ab997faf8cca25a86ff15dfea4027b986322026cc99e0a892da"
            ],
            "index": "pypi",
            "version": "==3.3.2"
        },
        "dateparser": {
            "hashes": [
                "sha256:159cc4e01a593706a15cd4e269a0b3345edf3aef8bf9278a57dac8adf5bf1e4a",
                "sha256:17202df32c7a36e773136ff353aa3767e987f8b3e27374c39fd21a30a803d6f8"
            ],
            "version": "==1.0.0"
        },
        "emoji": {
            "hashes": [
                "sha256:bccff5f7aff6de2986fe9e21575e7c5c46cbb587cf2597c54989034cad60e5a6"
            ],
            "index": "pypi",
            "version": "==0.3.9"
        },
        "flask": {
            "hashes": [
                "sha256:13f9f196f330c7c2c5d7a5cf91af894110ca0215ac051b5844701f2bfd934d52",
                "sha256:45eb5a6fd193d6cf7e0cf5d8a5b31f83d5faae0293695626f539a823e93b13f6"
            ],
            "index": "pypi",
            "version": "==1.1.1"
        },
        "flask-admin": {
            "hashes": [
                "sha256:fe3a96d99f22e293cd7e83d364de6cffd36573ef25db93d6e32102527a624bc5"
            ],
            "index": "pypi",
            "version": "==1.5.0"
        },
        "flask-autodoc": {
            "hashes": [
                "sha256:364468726b8a4579959685d696a078ff59f589ab3963f537427a8400dcddf403"
            ],
            "index": "pypi",
            "version": "==0.1.2"
        },
        "flask-babelex": {
            "hashes": [
                "sha256:39a59ccee9386a9d52d80b9101224402036aedc2c7873b11deef6e4e21cace27",
                "sha256:f744d0557cb04cafed733cfa96e7373b46263d4cf79a2c5988c65085f360d873"
            ],
            "version": "==0.9.4"
        },
        "flask-login": {
            "hashes": [
                "sha256:6d33aef15b5bcead780acc339464aae8a6e28f13c90d8b1cf9de8b549d1c0b4b",
                "sha256:7451b5001e17837ba58945aead261ba425fdf7b4f0448777e597ddab39f4fba0"
            ],
            "version": "==0.5.0"
        },
        "flask-mail": {
            "hashes": [
                "sha256:22e5eb9a940bf407bcf30410ecc3708f3c56cc44b29c34e1726fe85006935f41"
            ],
            "version": "==0.9.1"
        },
        "flask-principal": {
            "hashes": [
                "sha256:f5d6134b5caebfdbb86f32d56d18ee44b080876a27269560a96ea35f75c99453"
            ],
            "version": "==0.4.0"
        },
        "flask-security": {
            "hashes": [
                "sha256:d61daa5f5a48f89f30f50555872bdf581b2c65804668b0313345cd7beff26432",
                "sha256:ef837c03558db41335c8dabd16ae4977af0a5ef0c2cdecf738e33ef5202ce489"
            ],
            "index": "pypi",
            "version": "==3.0.0"
        },
        "flask-wtf": {
            "hashes": [
                "sha256:57b3faf6fe5d6168bda0c36b0df1d05770f8e205e18332d0376ddb954d17aef2",
                "sha256:d417e3a0008b5ba583da1763e4db0f55a1269d9dd91dcc3eb3c026d3c5dbd720"
            ],
            "version": "==0.14.3"
        },
        "future": {
            "hashes": [
                "sha256:b1bead90b70cf6ec3f0710ae53a525360fa360d306a86583adc6bf83a4db537d"
            ],
            "version": "==0.18.2"
        },
        "humanize": {
            "hashes": [
                "sha256:ab69004895689951b79f2ae4fdd6b8127ff0c180aff107856d5d98119a33f026",
                "sha256:d47d80cd47c1511ed3e49ca5f10c82ed940ea020b45b49ab106ed77fa8bb9d22"
            ],
            "version": "==3.2.0"
        },
        "idna": {
            "hashes": [
                "sha256:c357b3f628cf53ae2c4c05627ecc484553142ca23264e593d327bcde5e9c3407",
                "sha256:ea8b7f6188e6fa117537c3df7da9fc686d485087abf6ac197f9c46432f7e4a3c"
            ],
            "version": "==2.8"
        },
        "importlib-metadata": {
            "hashes": [
                "sha256:ace61d5fc652dc280e7b6b4ff732a9c2d40db2c0f92bc6cb74e07b73d53a1771",
                "sha256:fa5daa4477a7414ae34e95942e4dd07f62adf589143c875c133c1e53c4eff38d"
            ],
            "markers": "python_version < '3.8'",
            "version": "==3.4.0"
        },
        "inflect": {
            "hashes": [
                "sha256:053dabafaebc41375361cea2cbaea52f91c7d5bd30e079847ee4e4e49739d41b",
                "sha256:def6f3791be9181f0c01e0bf5949304007ec6e04c6674fbef7cc49c657b8a9a5"
            ],
            "index": "pypi",
            "version": "==4.1.0"
        },
        "itsdangerous": {
            "hashes": [
                "sha256:55398d354327a1af9eeab0917ffa926985bf88dbd2b051f2cc9fe3f69e9f11d6",
                "sha256:743456d13b108af70259b3867e14e2f426e663c056dbe7b0070f0cb201de6753"
            ],
            "version": "==2.0.0rc1"
        },
        "jinja2": {
            "hashes": [
                "sha256:c10142f819c2d22bdcd17548c46fa9b77cf4fda45097854c689666bf425e7484",
                "sha256:c922560ac46888d47384de1dbdc3daaa2ea993af4b26a436dec31fa2c19ec668"
            ],
            "version": "==3.0.0a1"
        },
        "logzero": {
            "hashes": [
                "sha256:34fa1e2e436dfa9f37e5ff8750e932bafe0c5abbb42e1f669e4cf5ce1f179142",
                "sha256:818072e4fcb53a3f6fb4114a92f920e1135fe6f47bffd9dc2b6c4d10eedacf27"
            ],
            "index": "pypi",
            "version": "==1.5.0"
        },
        "markdown": {
            "hashes": [
                "sha256:73af797238b95768b3a9b6fe6270e250e5c09d988b8e5b223fd5efa4e06faf81"
            ],
            "index": "pypi",
            "version": "==2.6.9"
        },
        "markupsafe": {
            "hashes": [
                "sha256:0195316c9962e49935a0d6951ec13ddadee4e7e954e527d2387ab5920f33326b",
                "sha256:0771b6c97e45412bdd079ff8e4f1b903400791d62e0099dc7437668d73ad7280",
                "sha256:0806afeead6a1ed483db811e3d4af694fe6cd240fe267719902f5321c02ce1f9",
                "sha256:2069d3ecff985cf2072154f2fc214f7dc493d40113c8fa127296e7c76a1f9227",
                "sha256:2f7efff175b8019977973bee4946df9e182255d17d41d59b8b8fd3f9df60dcfc",
                "sha256:338a6efaaf7cb6bb342fefbfc3f681696c4ee86171c86d660d081739b6fb1055",
                "sha256:39245c428902bc4853deb03c319621aaa72f040753516529ac200be3e6e43e0e",
                "sha256:39466d824310410598072d195cc55cc82c70e7c155ac6adce2b2851b5ce1a214",
                "sha256:635085ed6045c00bcee76cfce4dff45d47f9344ccea0ec7d80c581db65aa9f02",
                "sha256:65261edbd397b289bc7a0c20b21d2927bf81a4ff418a289fb053e06471dbbc90",
                "sha256:6d1d39c1e8a783fe1d2637b693f38a4dbd7f4aac636b82fd7da0e0682757192a",
                "sha256:77db4fd6dfe94f700f4395d34393baf695acb77f0e1d4fd77c93eacd8c38facf",
                "sha256:7cefccd52c32040035a8be398bda4348812f58dcc7c8d940913f19b6776caa50",
                "sha256:7fdaed892d454763f89d2c6ecfa7ee1a142412d01eb9da5927b594622ecdb328",
                "sha256:842c0a900ea044e719212810266aefbabedc47f7f6ed1567d645cec348de38c7",
                "sha256:931f80ecb8fa292f9390761d070cc5eb6e25ef133b3aff6d9f08f0ac7de774e0",
                "sha256:a26f1d7e4bea8e30871f0a025c6f6d81b27724b43d6a3a3e8388d9ec260d4586",
                "sha256:aa18dfb468b4bedd968195efc49e59f2773b406eb7591be19d3ac18cf506c5ec",
                "sha256:afd73362d06ada878f267aa1cf74930022c6b9e1fae4605e5bf35ca61ce06074",
                "sha256:b3f44d049add55a169e2ad6d176e592968f4f34c4ca754b925894ce5520cedfc",
                "sha256:b69682a6445f10332c376870fb53dd4ba946f70f0592118b97015a4a5fa814cc",
                "sha256:b8d3deaddf307963845c2c1a9c3f72a92856f9010dca69a05b35b27af9fff162",
                "sha256:c58a7117d253f7c560c54d8098a606d410e62129f4df78d78582b81ba254ba80",
                "sha256:c729b7bc3a38f24093c36fc20e98ba747440e937ea9997c1af7cd98d3ee9bdb1",
                "sha256:c7718a028d3917eabde519282b11fe0944f25e4d9d1716fec4ff8cf392ead36f",
                "sha256:c8ba02b5ff8dde786492f04ff003514750d40a509bd3d76ee080f11f226d8431",
                "sha256:cd2bf5e142accfa487a6d4705ae8a22f48798a35e5ec3561123e3723aba50888",
                "sha256:cdf40d0b3b7d0ba57b2cc1ea1432bf0841885f075c00b626b8400829b02aeb18",
                "sha256:d711c82719caaf59e44f73fd91f324dad09ece519f61c38ebac74d0e3c6dee2a",
                "sha256:d9463d3860a4009655048ab40d9a156e7c2b68c8c74464138444a251378c39de",
                "sha256:df56b55433f718b8a5681757a5c6eef2d365781615a268bcd0f5183cd5f57821",
                "sha256:e644dcf9df29d33110ef8d28a14337a7978025d32ff7c210335f3b25b49d03e0",
                "sha256:efac39cc0cfcb43b40e97afffc3087f4dd0fce8fb40d3ad0f5ea8f94b0195005",
                "sha256:fd47b68e61355c6452a92d85fcfad81f7e6f5df8110ed237d9027c54d9338b31"
            ],
            "version": "==2.0.0rc1"
        },
        "maya": {
            "hashes": [
                "sha256:04c5d5380313d9b928746e0f8c1da914d093cd22e0324e48297347b90eb4043f",
                "sha256:c1eea3fd6a63d17af5c7381c14440768f9b4ef21b3acbfd9e123c7f8ace6d174"
            ],
            "index": "pypi",
            "version": "==0.3.2"
        },
        "minio": {
            "hashes": [
                "sha256:7543f990231b0d605f35b9140ec51cdb6335e741bb8c45dea9b8746c248a54bf",
                "sha256:f1987811525120d68a420fc6142ca310df174123da56742233824342e3a8c3f8"
            ],
            "index": "pypi",
            "version": "==5.0.7"
        },
        "ordered-set": {
            "hashes": [
                "sha256:a7bfa858748c73b096e43db14eb23e2bc714a503f990c89fac8fab9b0ee79724"
            ],
            "index": "pypi",
            "version": "==3.1.1"
        },
        "passlib": {
            "hashes": [
                "sha256:aa6bca462b8d8bda89c70b382f0c298a20b5560af6cbfa2dce410c0a2fb669f1",
                "sha256:defd50f72b65c5402ab2c573830a6978e5f202ad0d984793c8dde2c4152ebe04"
            ],
            "version": "==1.7.4"
        },
        "peewee": {
            "hashes": [
                "sha256:9492af4d1f8e18a7fa0e930960315b38931286ea0f1659bbd5503456cffdacde"
            ],
            "index": "pypi",
            "version": "==3.13.1"
        },
        "pendulum": {
            "hashes": [
                "sha256:0731f0c661a3cb779d398803655494893c9f581f6488048b3fb629c2342b5394",
                "sha256:1245cd0075a3c6d889f581f6325dd8404aca5884dea7223a5566c38aab94642b",
                "sha256:29c40a6f2942376185728c9a0347d7c0f07905638c83007e1d262781f1e6953a",
                "sha256:2d1619a721df661e506eff8db8614016f0720ac171fe80dda1333ee44e684087",
                "sha256:318f72f62e8e23cd6660dbafe1e346950281a9aed144b5c596b2ddabc1d19739",
                "sha256:33fb61601083f3eb1d15edeb45274f73c63b3c44a8524703dc143f4212bf3269",
                "sha256:3481fad1dc3f6f6738bd575a951d3c15d4b4ce7c82dce37cf8ac1483fde6e8b0",
                "sha256:4c9c689747f39d0d02a9f94fcee737b34a5773803a64a5fdb046ee9cac7442c5",
                "sha256:7c5ec650cb4bec4c63a89a0242cc8c3cebcec92fcfe937c417ba18277d8560be",
                "sha256:94b1fc947bfe38579b28e1cccb36f7e28a15e841f30384b5ad6c5e31055c85d7",
                "sha256:9702069c694306297ed362ce7e3c1ef8404ac8ede39f9b28b7c1a7ad8c3959e3",
                "sha256:b06a0ca1bfe41c990bbf0c029f0b6501a7f2ec4e38bfec730712015e8860f207",
                "sha256:b6c352f4bd32dff1ea7066bd31ad0f71f8d8100b9ff709fb343f3b86cee43efe",
                "sha256:c501749fdd3d6f9e726086bf0cd4437281ed47e7bca132ddb522f86a1645d360",
                "sha256:c807a578a532eeb226150d5006f156632df2cc8c5693d778324b43ff8c515dd0",
                "sha256:db0a40d8bcd27b4fb46676e8eb3c732c67a5a5e6bfab8927028224fbced0b40b",
                "sha256:de42ea3e2943171a9e95141f2eecf972480636e8e484ccffaf1e833929e9e052",
                "sha256:e95d329384717c7bf627bf27e204bc3b15c8238fa8d9d9781d93712776c14002",
                "sha256:f5e236e7730cab1644e1b87aca3d2ff3e375a608542e90fe25685dae46310116",
                "sha256:f888f2d2909a414680a29ae74d0592758f2b9fcdee3549887779cd4055e975db",
                "sha256:fb53ffa0085002ddd43b6ca61a7b34f2d4d7c3ed66f931fe599e1a531b42af9b"
            ],
            "version": "==2.1.2"
        },
        "psycopg2": {
            "hashes": [
                "sha256:4212ca404c4445dc5746c0d68db27d2cbfb87b523fe233dc84ecd24062e35677",
                "sha256:47fc642bf6f427805daf52d6e52619fe0637648fe27017062d898f3bf891419d",
                "sha256:72772181d9bad1fa349792a1e7384dde56742c14af2b9986013eb94a240f005b",
                "sha256:8396be6e5ff844282d4d49b81631772f80dabae5658d432202faf101f5283b7c",
                "sha256:893c11064b347b24ecdd277a094413e1954f8a4e8cdaf7ffbe7ca3db87c103f0",
                "sha256:92a07dfd4d7c325dd177548c4134052d4842222833576c8391aab6f74038fc3f",
                "sha256:965c4c93e33e6984d8031f74e51227bd755376a9df6993774fd5b6fb3288b1f4",
                "sha256:9ab75e0b2820880ae24b7136c4d230383e07db014456a476d096591172569c38",
                "sha256:b0845e3bdd4aa18dc2f9b6fb78fbd3d9d371ad167fd6d1b7ad01c0a6cdad4fc6",
                "sha256:dca2d7203f0dfce8ea4b3efd668f8ea65cd2b35112638e488a4c12594015f67b",
                "sha256:ed686e5926929887e2c7ae0a700e32c6129abb798b4ad2b846e933de21508151",
                "sha256:ef6df7e14698e79c59c7ee7cf94cd62e5b869db369ed4b1b8f7b729ea825712a",
                "sha256:f898e5cc0a662a9e12bde6f931263a1bbd350cfb18e1d5336a12927851825bb6"
            ],
            "index": "pypi",
            "version": "==2.8.4"
        },
        "pyaes": {
            "hashes": [
                "sha256:02c1b1405c38d3c370b085fb952dd8bea3fadcee6411ad99f312cc129c536d8f"
            ],
            "version": "==1.6.1"
        },
        "pycparser": {
            "hashes": [
                "sha256:2d475327684562c3a96cc71adf7dc8c4f0565175cf86b6d7a404ff4c771f15f0",
                "sha256:7582ad22678f0fcd81102833f60ef8d0e57288b6b5fb00323d101be910e35705"
            ],
            "version": "==2.20"
        },
        "pyrogram": {
            "hashes": [
                "sha256:50898f1f77bf0333adbade06d04c0ce35b7be5be2391582a817e9a4bbcc3bc33",
                "sha256:7ef6cf917f9c0311c26c817717fa3a95929d6b688d936a6191be1b5f81982add"
            ],
            "index": "pypi",
            "version": "==1.1.13"
        },
        "pysocks": {
            "hashes": [
                "sha256:08e69f092cc6dbe92a0fdd16eeb9b9ffbc13cadfe5ca4c7bd92ffb078b293299",
                "sha256:2725bd0a9925919b9b51739eea5f9e2bae91e83288108a9ad338b2e3a4435ee5",
                "sha256:3f8804571ebe159c380ac6de37643bb4685970655d3bba243530d6558b799aa0"
            ],
            "version": "==1.7.1"
        },
        "python-dateutil": {
            "hashes": [
                "sha256:73ebfe9dbf22e832286dafa60473e4cd239f8592f699aa5adaf10050e6e1823c",
                "sha256:75bb3f31ea686f1197762692a9ee6a7550b59fc6ca3a1f4b5d7e32fb98e2da2a"
            ],
            "index": "pypi",
            "version": "==2.8.1"
        },
        "python-decouple": {
            "hashes": [
                "sha256:1317df14b43efee4337a4aa02914bf004f010cd56d6c4bd894e6474ec8c4fe2d"
            ],
            "index": "pypi",
            "version": "==3.1.0"
        },
        "python-telegram-bot": {
            "hashes": [
                "sha256:725a28f77a04d056559015963a21eacf5d2d1f1722192237284828b7cc437465",
                "sha256:ca2f8a44ddef7271477e16f4986647fa90ef4df5b55a7953e53b9c9d2672f639"
            ],
            "index": "pypi",
            "version": "==10.1.0"
        },
        "pytz": {
            "hashes": [
                "sha256:83a4a90894bf38e243cf052c8b58f381bfe9a7a483f6a9cab140bc7f702ac4da",
                "sha256:eb10ce3e7736052ed3623d49975ce333bcd712c7bb19a58b9e2089d4057d0798"
            ],
            "version": "==2021.1"
        },
        "pytzdata": {
            "hashes": [
                "sha256:3efa13b335a00a8de1d345ae41ec78dd11c9f8807f522d39850f2dd828681540",
                "sha256:e1e14750bcf95016381e4d472bad004eef710f2d6417240904070b3d6654485f"
            ],
            "version": "==2020.1"
        },
        "redis": {
            "hashes": [
                "sha256:3613daad9ce5951e426f460deddd5caf469e08a3af633e9578fc77d362becf62",
                "sha256:8d0fc278d3f5e1249967cba2eb4a5632d19e45ce5c09442b8422d15ee2c22cc2"
            ],
            "version": "==3.3.11"
        },
        "redis-collections": {
            "hashes": [
                "sha256:82e982121d7359a6b5cdcccef79dd70d3e374393f47b5cd9dc53ddcfa660b498"
            ],
            "index": "pypi",
            "version": "==0.7.1"
        },
        "regex": {
            "hashes": [
                "sha256:02951b7dacb123d8ea6da44fe45ddd084aa6777d4b2454fa0da61d569c6fa538",
                "sha256:0d08e71e70c0237883d0bef12cad5145b84c3705e9c6a588b2a9c7080e5af2a4",
                "sha256:1862a9d9194fae76a7aaf0150d5f2a8ec1da89e8b55890b1786b8f88a0f619dc",
                "sha256:1ab79fcb02b930de09c76d024d279686ec5d532eb814fd0ed1e0051eb8bd2daa",
                "sha256:1fa7ee9c2a0e30405e21031d07d7ba8617bc590d391adfc2b7f1e8b99f46f444",
                "sha256:262c6825b309e6485ec2493ffc7e62a13cf13fb2a8b6d212f72bd53ad34118f1",
                "sha256:2a11a3e90bd9901d70a5b31d7dd85114755a581a5da3fc996abfefa48aee78af",
                "sha256:2c99e97d388cd0a8d30f7c514d67887d8021541b875baf09791a3baad48bb4f8",
                "sha256:3128e30d83f2e70b0bed9b2a34e92707d0877e460b402faca908c6667092ada9",
                "sha256:38c8fd190db64f513fe4e1baa59fed086ae71fa45083b6936b52d34df8f86a88",
                "sha256:3bddc701bdd1efa0d5264d2649588cbfda549b2899dc8d50417e47a82e1387ba",
                "sha256:4902e6aa086cbb224241adbc2f06235927d5cdacffb2425c73e6570e8d862364",
                "sha256:49cae022fa13f09be91b2c880e58e14b6da5d10639ed45ca69b85faf039f7a4e",
                "sha256:56e01daca75eae420bce184edd8bb341c8eebb19dd3bce7266332258f9fb9dd7",
                "sha256:5862975b45d451b6db51c2e654990c1820523a5b07100fc6903e9c86575202a0",
                "sha256:6a8ce43923c518c24a2579fda49f093f1397dad5d18346211e46f134fc624e31",
                "sha256:6c54ce4b5d61a7129bad5c5dc279e222afd00e721bf92f9ef09e4fae28755683",
                "sha256:6e4b08c6f8daca7d8f07c8d24e4331ae7953333dbd09c648ed6ebd24db5a10ee",
                "sha256:717881211f46de3ab130b58ec0908267961fadc06e44f974466d1887f865bd5b",
                "sha256:749078d1eb89484db5f34b4012092ad14b327944ee7f1c4f74d6279a6e4d1884",
                "sha256:7913bd25f4ab274ba37bc97ad0e21c31004224ccb02765ad984eef43e04acc6c",
                "sha256:7a25fcbeae08f96a754b45bdc050e1fb94b95cab046bf56b016c25e9ab127b3e",
                "sha256:83d6b356e116ca119db8e7c6fc2983289d87b27b3fac238cfe5dca529d884562",
                "sha256:8b882a78c320478b12ff024e81dc7d43c1462aa4a3341c754ee65d857a521f85",
                "sha256:8f6a2229e8ad946e36815f2a03386bb8353d4bde368fdf8ca5f0cb97264d3b5c",
                "sha256:9801c4c1d9ae6a70aeb2128e5b4b68c45d4f0af0d1535500884d644fa9b768c6",
                "sha256:a15f64ae3a027b64496a71ab1f722355e570c3fac5ba2801cafce846bf5af01d",
                "sha256:a3d748383762e56337c39ab35c6ed4deb88df5326f97a38946ddd19028ecce6b",
                "sha256:a63f1a07932c9686d2d416fb295ec2c01ab246e89b4d58e5fa468089cab44b70",
                "sha256:b2b1a5ddae3677d89b686e5c625fc5547c6e492bd755b520de5332773a8af06b",
                "sha256:b2f4007bff007c96a173e24dcda236e5e83bde4358a557f9ccf5e014439eae4b",
                "sha256:baf378ba6151f6e272824b86a774326f692bc2ef4cc5ce8d5bc76e38c813a55f",
                "sha256:bafb01b4688833e099d79e7efd23f99172f501a15c44f21ea2118681473fdba0",
                "sha256:bba349276b126947b014e50ab3316c027cac1495992f10e5682dc677b3dfa0c5",
                "sha256:c084582d4215593f2f1d28b65d2a2f3aceff8342aa85afd7be23a9cad74a0de5",
                "sha256:d1ebb090a426db66dd80df8ca85adc4abfcbad8a7c2e9a5ec7513ede522e0a8f",
                "sha256:d2d8ce12b7c12c87e41123997ebaf1a5767a5be3ec545f64675388970f415e2e",
                "sha256:e32f5f3d1b1c663af7f9c4c1e72e6ffe9a78c03a31e149259f531e0fed826512",
                "sha256:e3faaf10a0d1e8e23a9b51d1900b72e1635c2d5b0e1bea1c18022486a8e2e52d",
                "sha256:f7d29a6fc4760300f86ae329e3b6ca28ea9c20823df123a2ea8693e967b29917",
                "sha256:f8f295db00ef5f8bae530fc39af0b40486ca6068733fb860b42115052206466f"
            ],
            "version": "==2020.11.13"
        },
        "requests": {
            "hashes": [
                "sha256:11e007a8a2aa0323f5a921e9e6a2d7e4e67d9877e85773fba9ba6419025cbeb4",
                "sha256:9cf5292fcd0f598c671cfc1e0d7d1a7f13bb8085e9a590f48c010551dc6c4b31"
            ],
            "index": "pypi",
            "version": "==2.22.0"
        },
        "ruamel.yaml": {
            "hashes": [
                "sha256:012b9470a0ea06e4e44e99e7920277edf6b46eee0232a04487ea73a7386340a5",
                "sha256:076cc0bc34f1966d920a49f18b52b6ad559fbe656a0748e3535cf7b3f29ebf9e"
            ],
            "version": "==0.16.12"
        },
        "ruamel.yaml.clib": {
            "hashes": [
                "sha256:058a1cc3df2a8aecc12f983a48bda99315cebf55a3b3a5463e37bb599b05727b",
                "sha256:1236df55e0f73cd138c0eca074ee086136c3f16a97c2ac719032c050f7e0622f",
                "sha256:1f8c0a4577c0e6c99d208de5c4d3fd8aceed9574bb154d7a2b21c16bb924154c",
                "sha256:2602e91bd5c1b874d6f93d3086f9830f3e907c543c7672cf293a97c3fabdcd91",
                "sha256:28116f204103cb3a108dfd37668f20abe6e3cafd0d3fd40dba126c732457b3cc",
                "sha256:2d24bd98af676f4990c4d715bcdc2a60b19c56a3fb3a763164d2d8ca0e806ba7",
                "sha256:2fd336a5c6415c82e2deb40d08c222087febe0aebe520f4d21910629018ab0f3",
                "sha256:30dca9bbcbb1cc858717438218d11eafb78666759e5094dd767468c0d577a7e7",
                "sha256:44c7b0498c39f27795224438f1a6be6c5352f82cb887bc33d962c3a3acc00df6",
                "sha256:464e66a04e740d754170be5e740657a3b3b6d2bcc567f0c3437879a6e6087ff6",
                "sha256:46d6d20815064e8bb023ea8628cfb7402c0f0e83de2c2227a88097e239a7dffd",
                "sha256:4df5019e7783d14b79217ad9c56edf1ba7485d614ad5a385d1b3c768635c81c0",
                "sha256:4e52c96ca66de04be42ea2278012a2342d89f5e82b4512fb6fb7134e377e2e62",
                "sha256:5254af7d8bdf4d5484c089f929cb7f5bafa59b4f01d4f48adda4be41e6d29f99",
                "sha256:52ae5739e4b5d6317b52f5b040b1b6639e8af68a5b8fd606a8b08658fbd0cab5",
                "sha256:53b9dd1abd70e257a6e32f934ebc482dac5edb8c93e23deb663eac724c30b026",
                "sha256:6c0a5dc52fc74eb87c67374a4e554d4761fd42a4d01390b7e868b30d21f4b8bb",
                "sha256:73b3d43e04cc4b228fa6fa5d796409ece6fcb53a6c270eb2048109cbcbc3b9c2",
                "sha256:74161d827407f4db9072011adcfb825b5258a5ccb3d2cd518dd6c9edea9e30f1",
                "sha256:75f0ee6839532e52a3a53f80ce64925ed4aed697dd3fa890c4c918f3304bd4f4",
                "sha256:839dd72545ef7ba78fd2aa1a5dd07b33696adf3e68fae7f31327161c1093001b",
                "sha256:8be05be57dc5c7b4a0b24edcaa2f7275866d9c907725226cdde46da09367d923",
                "sha256:8e8fd0a22c9d92af3a34f91e8a2594eeb35cba90ab643c5e0e643567dc8be43e",
                "sha256:a873e4d4954f865dcb60bdc4914af7eaae48fb56b60ed6daa1d6251c72f5337c",
                "sha256:ab845f1f51f7eb750a78937be9f79baea4a42c7960f5a94dde34e69f3cce1988",
                "sha256:b1e981fe1aff1fd11627f531524826a4dcc1f26c726235a52fcb62ded27d150f",
                "sha256:b4b0d31f2052b3f9f9b5327024dc629a253a83d8649d4734ca7f35b60ec3e9e5",
                "sha256:c6ac7e45367b1317e56f1461719c853fd6825226f45b835df7436bb04031fd8a",
                "sha256:daf21aa33ee9b351f66deed30a3d450ab55c14242cfdfcd377798e2c0d25c9f1",
                "sha256:e9f7d1d8c26a6a12c23421061f9022bb62704e38211fe375c645485f38df34a2",
                "sha256:f6061a31880c1ed6b6ce341215336e2f3d0c1deccd84957b6fa8ca474b41e89f"
            ],
            "markers": "platform_python_implementation == 'CPython' and python_version < '3.9'",
            "version": "==0.2.2"
        },
        "sentry-sdk": {
            "hashes": [
                "sha256:2d74844adbc960180b343c3e808a6afdde25a6ad9fdaaaac77e5d6c3bb1e041e",
                "sha256:b33ca986b7af24d3c306d42515319a6f1cf1c6081245ee5009ad47b79a809c3f"
            ],
            "index": "pypi",
            "version": "==0.7.11"
        },
        "six": {
            "hashes": [
                "sha256:30639c035cdb23534cd4aa2dd52c3bf48f06e5f4a941509c8bafd8ce11080259",
                "sha256:8b74bedcbbbaca38ff6d7491d76f2b06b3592611af620f8426e82dddb04a5ced"
            ],
            "version": "==1.15.0"
        },
        "speaklater": {
            "hashes": [
                "sha256:59fea336d0eed38c1f0bf3181ee1222d0ef45f3a9dd34ebe65e6bfffdd6a65a9"
            ],
            "version": "==1.3"
        },
        "tgcrypto": {
            "hashes": [
                "sha256:0115cc1ff48681e5ebfd088e806873b2982ec7ff7d8885360e752cd4ad53411b",
                "sha256:187d73151fe349a4189c8c61c6690adc321284668ca276a84fa0ad0335e81f44",
                "sha256:1dae9644e3528cdf94b61f6c469ce63b957538da8ae644c2efaa5a07c3f04ec9",
                "sha256:23ab18f811dd956b0a1d309a9a8e1ac36d517421905457be2aea06712cfdb11c",
                "sha256:2dcda39c4bf058815ee83ddbf8240b9ff4ecf27dc0af82d49a92c3ea628412c7",
                "sha256:38f29a6b17481725de68023d31e8a6a0e27959dc1a8971eacff6f203fdff1751",
                "sha256:3e2cb47df12e714997e7f9b78cd7f9b8b2df3c02ebfd6b9d135a91c642193450",
                "sha256:55930d947a629110aff7f2489aee8d04739e2d7de811cdb665a001c956eef8c1",
                "sha256:55b5bb1365f887b226ee7aea9b29b50cfaacad331c9b3243b06dd0f034dc951e",
                "sha256:8596bcfc46177e67a5457b12a50a21b15ee921a083c7bc602abd134185e8aac1",
                "sha256:8fb4ac960c860d80efdf2ca2b6da8a19372b2bc85e3dc4820e045e383515c5b4",
                "sha256:912ab2cfdb891069c08382a5112cf0feaa8d75fdba5b9af1a7424a292230878f",
                "sha256:957930d7ded067281ea13d0e549d10c076d08a4b9d3baaa03c69010e84960cea",
                "sha256:9fef40c321b6e4d388eb98f4e1de3794ea0a395836ac1c42d5a83fe7430775e3",
                "sha256:a51561c585ad198c8c85987e84729de19e8c83797481a9d9c8455a1a3b4e45bb",
                "sha256:ab86b818df45d36f8e4f2bed75de4614be152e3bb6d963cda31b81598f21c86b",
                "sha256:ac4fe98c4798254449ccde5d8004ae5cef8d0e4332e446f444a94ef788257393",
                "sha256:c20ac1b089113ac8f1a9f0540afbe90e7b7730c81b374ce57e8da6ebb52bc7b0",
                "sha256:c521569845b60bc5e25648ff9e14f60adebb771cc8c7c9db35f3d7ea4c91f4dc",
                "sha256:ca5582d423bb63351182106af0034ff5269d391a778bc0ff08f6e2a108680e48",
                "sha256:d03af149add90fcd6e3738545b366c7b0d8e595003e3eef2fe25342d8779bde0",
                "sha256:d66143426621d23f33d789451ed65878998a46bdafa4a9cb1ddbe802f9bb4d69",
                "sha256:e9e90824acebac0a30eacdf2bf413ec2bd47abd18c295629de353e092510ed68",
                "sha256:ec2584ccb393a7b16196c9ad97e00ec14e7f912504f5de7e4a52367d898ef9e1",
                "sha256:f1f2176bed946088acf5c95b128506abfb20b06363758a94546da9f004f39ab9",
                "sha256:f612110fa46f07e6fab663c7a12e277f1bddd445e0677f0804abb85b673c65ed",
                "sha256:f6aadb458b4ed879a5b8b3ae9304aaa1cecde797812370addc152a2861fcc6dd",
                "sha256:f735ec4810bf1242242b864082cdc2b8887929a89a6db51aa62425ae9ea8762d"
            ],
            "index": "pypi",
            "version": "==1.2.0"
        },
        "tornado": {
            "hashes": [
                "sha256:349884248c36801afa19e342a77cc4458caca694b0eda633f5878e458a44cb2c",
                "sha256:398e0d35e086ba38a0427c3b37f4337327231942e731edaa6e9fd1865bbd6f60",
                "sha256:4e73ef678b1a859f0cb29e1d895526a20ea64b5ffd510a2307b5998c7df24281",
                "sha256:559bce3d31484b665259f50cd94c5c28b961b09315ccd838f284687245f416e5",
                "sha256:abbe53a39734ef4aba061fca54e30c6b4639d3e1f59653f0da37a0003de148c7",
                "sha256:c845db36ba616912074c5b1ee897f8e0124df269468f25e4fe21fe72f6edd7a9",
                "sha256:c9399267c926a4e7c418baa5cbe91c7d1cf362d505a1ef898fde44a07c9dd8a5"
            ],
            "index": "pypi",
            "version": "==6.0.3"
        },
        "typing-extensions": {
            "hashes": [
                "sha256:7cb407020f00f7bfc3cb3e7881628838e69d8f3fcab2f64742a5e76b2f841918",
                "sha256:99d4073b617d30288f569d3f13d2bd7548c3a7e4c8de87db09a9d29bb3a4a60c",
                "sha256:dafc7639cde7f1b6e1acc0f457842a83e722ccca8eef5270af2d74792619a89f"
            ],
            "markers": "python_version < '3.8'",
            "version": "==3.7.4.3"
        },
        "tzlocal": {
            "hashes": [
                "sha256:efd2821b10836b046fac09c4e31e7b97f45b89e718e82b8bc18a9e424bb2f662"
            ],
            "version": "==3.0b1"
        },
        "urllib3": {
            "hashes": [
                "sha256:8d7eaa5a82a1cac232164990f04874c594c9453ec55eef02eab885aa02fc17a2",
                "sha256:f5321fbe4bf3fefa0efd0bfe7fb14e90909eb62a48ccda331726b4319897dd5e"
            ],
            "version": "==1.25.11"
        },
        "werkzeug": {
            "hashes": [
                "sha256:17dd95d6e5f8c70870dad21589a2a5668d4eed4ea222f4969144cc60196e8d30",
                "sha256:da387793699ecef58d5a7dc24b20f49a6d545dc4234265ced1997abf0a2da03e"
            ],
            "version": "==2.0.0rc1"
        },
        "wtf-peewee": {
            "hashes": [
                "sha256:41dcf298ca7d7bd1978557eb10336575976fe630b5ad5b2c6451d7a12caa3826"
            ],
            "index": "pypi",
            "version": "==0.2.6"
        },
        "wtforms": {
            "hashes": [
                "sha256:7ee6e0591777e4ad6779276cd64464bd0a8fc1ce2509b5bb88f936c9426c180c",
                "sha256:cf01f0173ff7124ab30afeee444876a0f576fa5ed9c32f2112c439137077492f"
            ],
            "version": "==3.0.0a1"
        },
        "zipp": {
            "hashes": [
                "sha256:102c24ef8f171fd729d46599845e95c7ab894a4cf45f5de11a44cc7444fb1108",
                "sha256:ed5eee1974372595f9e416cc7bbeeb12335201d8081ca8a0743c954d4446e5cb"
            ],
            "version": "==3.4.0"
        }
    },
    "develop": {
        "attrs": {
            "hashes": [
                "sha256:31b2eced602aa8423c2aea9c76a724617ed67cf9513173fd3a4f03e3a929c7e6",
                "sha256:832aa3cde19744e49938b91fea06d69ecb9e649c93ba974535d08ad92164f700"
            ],
            "version": "==20.3.0"
        },
        "importlib-metadata": {
            "hashes": [
                "sha256:ace61d5fc652dc280e7b6b4ff732a9c2d40db2c0f92bc6cb74e07b73d53a1771",
                "sha256:fa5daa4477a7414ae34e95942e4dd07f62adf589143c875c133c1e53c4eff38d"
            ],
            "markers": "python_version < '3.8'",
            "version": "==3.4.0"
        },
        "more-itertools": {
            "hashes": [
                "sha256:5652a9ac72209ed7df8d9c15daf4e1aa0e3d2ccd3c87f8265a0673cd9cbc9ced",
                "sha256:c5d6da9ca3ff65220c3bfd2a8db06d698f05d4d2b9be57e1deb2be5a45019713"
            ],
            "version": "==8.7.0"
        },
        "packaging": {
            "hashes": [
                "sha256:5b327ac1320dc863dca72f4514ecc086f31186744b84a230374cc1fd776feae5",
                "sha256:67714da7f7bc052e064859c05c595155bd1ee9f69f76557e21f051443c20947a"
            ],
            "version": "==20.9"
        },
        "pluggy": {
            "hashes": [
                "sha256:15b2acde666561e1298d71b523007ed7364de07029219b604cf808bfa1c765b0",
                "sha256:966c145cd83c96502c3c3868f50408687b38434af77734af1e9ca461a4081d2d"
            ],
            "version": "==0.13.1"
        },
        "py": {
            "hashes": [
                "sha256:21b81bda15b66ef5e1a777a21c4dcd9c20ad3efd0b3f817e7a809035269e1bd3",
                "sha256:3b80836aa6d1feeaa108e046da6423ab8f6ceda6468545ae8d02d9d58d18818a"
            ],
            "version": "==1.10.0"
        },
        "pyparsing": {
            "hashes": [
                "sha256:1c6409312ce2ce2997896af5756753778d5f1603666dba5587804f09ad82ed27",
                "sha256:f4896b4cc085a1f8f8ae53a1a90db5a86b3825ff73eb974dffee3d9e701007f4"
            ],
            "version": "==3.0.0b2"
        },
        "pytest": {
            "hashes": [
                "sha256:0d5fe9189a148acc3c3eb2ac8e1ac0742cb7618c084f3d228baaec0c254b318d",
                "sha256:ff615c761e25eb25df19edddc0b970302d2a9091fbce0e7213298d85fb61fef6"
            ],
            "index": "pypi",
            "version": "==5.3.5"
        },
        "pytest-asyncio": {
            "hashes": [
                "sha256:9fac5100fd716cbecf6ef89233e8590a4ad61d729d1732e0a96b84182df1daaf",
                "sha256:d734718e25cfc32d2bf78d346e99d33724deeba774cc4afdf491530c6184b63b"
            ],
            "index": "pypi",
            "version": "==0.10.0"
        },
        "typing-extensions": {
            "hashes": [
                "sha256:7cb407020f00f7bfc3cb3e7881628838e69d8f3fcab2f64742a5e76b2f841918",
                "sha256:99d4073b617d30288f569d3f13d2bd7548c3a7e4c8de87db09a9d29bb3a4a60c",
                "sha256:dafc7639cde7f1b6e1acc0f457842a83e722ccca8eef5270af2d74792619a89f"
            ],
            "markers": "python_version < '3.8'",
            "version": "==3.7.4.3"
        },
        "wcwidth": {
            "hashes": [
                "sha256:beb4802a9cebb9144e99086eff703a642a13d6a0052920003a230f3294bbe784",
                "sha256:c4d647b99872929fdb7bdcaa4fbe7f01413ed3d98077df798530e5b04f116c83"
            ],
            "version": "==0.2.5"
        },
        "zipp": {
            "hashes": [
                "sha256:102c24ef8f171fd729d46599845e95c7ab894a4cf45f5de11a44cc7444fb1108",
                "sha256:ed5eee1974372595f9e416cc7bbeeb12335201d8081ca8a0743c954d4446e5cb"
            ],
            "version": "==3.4.0"
        }
    }
}
